
Microsoft Visual Studio Solution File, Format Version 12.00
# Visual Studio Version 17
VisualStudioVersion = 17.6.33829.357
MinimumVisualStudioVersion = 10.0.40219.1
Project("{FAE04EC0-301F-11D3-BF4B-00C04F79EFBC}") = "BookingOZCoreWebApp", "BookingOZCoreWebApp.csproj", "{78602D85-61C0-469C-B2F8-66146BA99CE2}"
EndProject
Global
	GlobalSection(SolutionConfigurationPlatforms) = preSolution
		Debug|Any CPU = Debug|Any CPU
		Release|Any CPU = Release|Any CPU
	EndGlobalSection
	GlobalSection(ProjectConfigurationPlatforms) = postSolution
		{78602D85-61C0-469C-B2F8-66146BA99CE2}.Debug|Any CPU.ActiveCfg = Debug|Any CPU
		{78602D85-61C0-469C-B2F8-66146BA99CE2}.Debug|Any CPU.Build.0 = Debug|Any CPU
		{78602D85-61C0-469C-B2F8-66146BA99CE2}.Release|Any CPU.ActiveCfg = Release|Any CPU
		{78602D85-61C0-469C-B2F8-66146BA99CE2}.Release|Any CPU.Build.0 = Release|Any CPU
	EndGlobalSection
	GlobalSection(SolutionProperties) = preSolution
		HideSolutionNode = FALSE
	EndGlobalSection
	GlobalSection(ExtensibilityGlobals) = postSolution
		SolutionGuid = {DC5E4246-B338-47F3-9470-D8A6B0F4DD90}
	EndGlobalSection
EndGlobal
